
Microsoft Visual Studio Solution File, Format Version 12.00
# Visual Studio Version 16
VisualStudioVersion = 16.0.29911.84
MinimumVisualStudioVersion = 10.0.40219.1
Project("{FAE04EC0-301F-11D3-BF4B-00C04F79EFBC}") = "Wifi.Database.Mensa", "Wifi.Database.Mensa.csproj", "{33FC1304-427E-4F38-969A-52420BBDFD77}"
EndProject
Global
	GlobalSection(SolutionConfigurationPlatforms) = preSolution
		Debug|Any CPU = Debug|Any CPU
		Release|Any CPU = Release|Any CPU
	EndGlobalSection
	GlobalSection(ProjectConfigurationPlatforms) = postSolution
		{33FC1304-427E-4F38-969A-52420BBDFD77}.Debug|Any CPU.ActiveCfg = Debug|Any CPU
		{33FC1304-427E-4F38-969A-52420BBDFD77}.Debug|Any CPU.Build.0 = Debug|Any CPU
		{33FC1304-427E-4F38-969A-52420BBDFD77}.Release|Any CPU.ActiveCfg = Release|Any CPU
		{33FC1304-427E-4F38-969A-52420BBDFD77}.Release|Any CPU.Build.0 = Release|Any CPU
	EndGlobalSection
	GlobalSection(SolutionProperties) = preSolution
		HideSolutionNode = FALSE
	EndGlobalSection
	GlobalSection(ExtensibilityGlobals) = postSolution
		SolutionGuid = {84D22843-72DA-4230-B81B-0E14764F5886}
	EndGlobalSection
EndGlobal
